
Microsoft Visual Studio Solution File, Format Version 12.00
# Visual Studio Version 17
VisualStudioVersion = 17.11.35219.272
MinimumVisualStudioVersion = 10.0.40219.1
Project("{9A19103F-16F7-4668-BE54-9A1E7A4F7556}") = "YECG.Temperatura", "YECG.Temperatura\YECG.Temperatura.csproj", "{EB337DA1-33C2-434F-98D4-45ECAFB55626}"
EndProject
Project("{FAE04EC0-301F-11D3-BF4B-00C04F79EFBC}") = "YECG.Temperatura.UnitTestMSTest", "YECG.Temperatura.UnitTestMSTest\YECG.Temperatura.UnitTestMSTest.csproj", "{ADF3F62C-2A02-46AD-B9D2-E363DF5AB372}"
EndProject
Global
	GlobalSection(SolutionConfigurationPlatforms) = preSolution
		Debug|Any CPU = Debug|Any CPU
		Release|Any CPU = Release|Any CPU
	EndGlobalSection
	GlobalSection(ProjectConfigurationPlatforms) = postSolution
		{EB337DA1-33C2-434F-98D4-45ECAFB55626}.Debug|Any CPU.ActiveCfg = Debug|Any CPU
		{EB337DA1-33C2-434F-98D4-45ECAFB55626}.Debug|Any CPU.Build.0 = Debug|Any CPU
		{EB337DA1-33C2-434F-98D4-45ECAFB55626}.Release|Any CPU.ActiveCfg = Release|Any CPU
		{EB337DA1-33C2-434F-98D4-45ECAFB55626}.Release|Any CPU.Build.0 = Release|Any CPU
		{ADF3F62C-2A02-46AD-B9D2-E363DF5AB372}.Debug|Any CPU.ActiveCfg = Debug|Any CPU
		{ADF3F62C-2A02-46AD-B9D2-E363DF5AB372}.Debug|Any CPU.Build.0 = Debug|Any CPU
		{ADF3F62C-2A02-46AD-B9D2-E363DF5AB372}.Release|Any CPU.ActiveCfg = Release|Any CPU
		{ADF3F62C-2A02-46AD-B9D2-E363DF5AB372}.Release|Any CPU.Build.0 = Release|Any CPU
	EndGlobalSection
	GlobalSection(SolutionProperties) = preSolution
		HideSolutionNode = FALSE
	EndGlobalSection
	GlobalSection(ExtensibilityGlobals) = postSolution
		SolutionGuid = {7D857316-C7F9-49DC-A567-1D51EECBAFF7}
	EndGlobalSection
EndGlobal
